
Microsoft Visual Studio Solution File, Format Version 12.00
# Visual Studio 2013
VisualStudioVersion = 12.0.21005.1
MinimumVisualStudioVersion = 10.0.40219.1
Project("{2150E333-8FDC-42A3-9474-1A3956D46DE8}") = "Presentation", "Presentation", "{423A10B5-AD1C-423F-9235-859823756F3B}"
EndProject
Project("{2150E333-8FDC-42A3-9474-1A3956D46DE8}") = "Libraries", "Libraries", "{09D8BC0F-FB9A-4851-98FD-34FB8477A921}"
EndProject
Project("{FAE04EC0-301F-11D3-BF4B-00C04F79EFBC}") = "FoodApp.Domain", "FoodApp.Domain\FoodApp.Domain.csproj", "{BD271099-8A06-419C-9828-8B90068E4A6A}"
EndProject
Project("{FAE04EC0-301F-11D3-BF4B-00C04F79EFBC}") = "FoodApp.Data", "FoodApp.Data\FoodApp.Data.csproj", "{152E1F7D-9B1D-4983-BA4D-075A10E72330}"
EndProject
Project("{FAE04EC0-301F-11D3-BF4B-00C04F79EFBC}") = "FoodApp.Services", "FoodApp.Services\FoodApp.Services.csproj", "{C0566B1F-E020-44CF-A3D5-F4E124B351F5}"
EndProject
Project("{2150E333-8FDC-42A3-9474-1A3956D46DE8}") = ".nuget", ".nuget", "{71A72EA6-65A5-459C-9CDB-CBBD46443415}"
	ProjectSection(SolutionItems) = preProject
		.nuget\NuGet.Config = .nuget\NuGet.Config
		.nuget\NuGet.exe = .nuget\NuGet.exe
		.nuget\NuGet.targets = .nuget\NuGet.targets
	EndProjectSection
EndProject
Project("{FAE04EC0-301F-11D3-BF4B-00C04F79EFBC}") = "FoodApp.Core", "FoodApp.Core\FoodApp.Core.csproj", "{B4A85C41-5A4C-4C4B-948A-B23441EDBF1F}"
EndProject
Project("{FAE04EC0-301F-11D3-BF4B-00C04F79EFBC}") = "FoodApp.Framework", "FoodApp.Framework\FoodApp.Framework.csproj", "{B432394F-34D6-4CAE-AB84-B78652A54EDA}"
EndProject
Project("{FAE04EC0-301F-11D3-BF4B-00C04F79EFBC}") = "FoodApp.Api", "FoodApp.Api\FoodApp.Api.csproj", "{A7AA7757-3518-4D87-961A-5A2B18243588}"
EndProject
Project("{FAE04EC0-301F-11D3-BF4B-00C04F79EFBC}") = "FoodApp.Web", "FoodApp.Web\FoodApp.Web.csproj", "{118EF80B-5AA7-43CF-96EE-9153961C79C5}"
EndProject
Global
	GlobalSection(SolutionConfigurationPlatforms) = preSolution
		Debug|Any CPU = Debug|Any CPU
		Release|Any CPU = Release|Any CPU
	EndGlobalSection
	GlobalSection(ProjectConfigurationPlatforms) = postSolution
		{BD271099-8A06-419C-9828-8B90068E4A6A}.Debug|Any CPU.ActiveCfg = Debug|Any CPU
		{BD271099-8A06-419C-9828-8B90068E4A6A}.Debug|Any CPU.Build.0 = Debug|Any CPU
		{BD271099-8A06-419C-9828-8B90068E4A6A}.Release|Any CPU.ActiveCfg = Release|Any CPU
		{BD271099-8A06-419C-9828-8B90068E4A6A}.Release|Any CPU.Build.0 = Release|Any CPU
		{152E1F7D-9B1D-4983-BA4D-075A10E72330}.Debug|Any CPU.ActiveCfg = Debug|Any CPU
		{152E1F7D-9B1D-4983-BA4D-075A10E72330}.Debug|Any CPU.Build.0 = Debug|Any CPU
		{152E1F7D-9B1D-4983-BA4D-075A10E72330}.Release|Any CPU.ActiveCfg = Release|Any CPU
		{152E1F7D-9B1D-4983-BA4D-075A10E72330}.Release|Any CPU.Build.0 = Release|Any CPU
		{C0566B1F-E020-44CF-A3D5-F4E124B351F5}.Debug|Any CPU.ActiveCfg = Debug|Any CPU
		{C0566B1F-E020-44CF-A3D5-F4E124B351F5}.Debug|Any CPU.Build.0 = Debug|Any CPU
		{C0566B1F-E020-44CF-A3D5-F4E124B351F5}.Release|Any CPU.ActiveCfg = Release|Any CPU
		{C0566B1F-E020-44CF-A3D5-F4E124B351F5}.Release|Any CPU.Build.0 = Release|Any CPU
		{B4A85C41-5A4C-4C4B-948A-B23441EDBF1F}.Debug|Any CPU.ActiveCfg = Debug|Any CPU
		{B4A85C41-5A4C-4C4B-948A-B23441EDBF1F}.Debug|Any CPU.Build.0 = Debug|Any CPU
		{B4A85C41-5A4C-4C4B-948A-B23441EDBF1F}.Release|Any CPU.ActiveCfg = Release|Any CPU
		{B4A85C41-5A4C-4C4B-948A-B23441EDBF1F}.Release|Any CPU.Build.0 = Release|Any CPU
		{B432394F-34D6-4CAE-AB84-B78652A54EDA}.Debug|Any CPU.ActiveCfg = Debug|Any CPU
		{B432394F-34D6-4CAE-AB84-B78652A54EDA}.Debug|Any CPU.Build.0 = Debug|Any CPU
		{B432394F-34D6-4CAE-AB84-B78652A54EDA}.Release|Any CPU.ActiveCfg = Release|Any CPU
		{B432394F-34D6-4CAE-AB84-B78652A54EDA}.Release|Any CPU.Build.0 = Release|Any CPU
		{A7AA7757-3518-4D87-961A-5A2B18243588}.Debug|Any CPU.ActiveCfg = Debug|Any CPU
		{A7AA7757-3518-4D87-961A-5A2B18243588}.Debug|Any CPU.Build.0 = Debug|Any CPU
		{A7AA7757-3518-4D87-961A-5A2B18243588}.Release|Any CPU.ActiveCfg = Release|Any CPU
		{A7AA7757-3518-4D87-961A-5A2B18243588}.Release|Any CPU.Build.0 = Release|Any CPU
		{118EF80B-5AA7-43CF-96EE-9153961C79C5}.Debug|Any CPU.ActiveCfg = Debug|Any CPU
		{118EF80B-5AA7-43CF-96EE-9153961C79C5}.Debug|Any CPU.Build.0 = Debug|Any CPU
		{118EF80B-5AA7-43CF-96EE-9153961C79C5}.Release|Any CPU.ActiveCfg = Release|Any CPU
		{118EF80B-5AA7-43CF-96EE-9153961C79C5}.Release|Any CPU.Build.0 = Release|Any CPU
	EndGlobalSection
	GlobalSection(SolutionProperties) = preSolution
		HideSolutionNode = FALSE
	EndGlobalSection
	GlobalSection(NestedProjects) = preSolution
		{A7AA7757-3518-4D87-961A-5A2B18243588} = {423A10B5-AD1C-423F-9235-859823756F3B}
		{118EF80B-5AA7-43CF-96EE-9153961C79C5} = {423A10B5-AD1C-423F-9235-859823756F3B}
		{BD271099-8A06-419C-9828-8B90068E4A6A} = {09D8BC0F-FB9A-4851-98FD-34FB8477A921}
		{152E1F7D-9B1D-4983-BA4D-075A10E72330} = {09D8BC0F-FB9A-4851-98FD-34FB8477A921}
		{C0566B1F-E020-44CF-A3D5-F4E124B351F5} = {09D8BC0F-FB9A-4851-98FD-34FB8477A921}
		{B4A85C41-5A4C-4C4B-948A-B23441EDBF1F} = {09D8BC0F-FB9A-4851-98FD-34FB8477A921}
		{B432394F-34D6-4CAE-AB84-B78652A54EDA} = {09D8BC0F-FB9A-4851-98FD-34FB8477A921}
	EndGlobalSection
EndGlobal
